
Microsoft Visual Studio Solution File, Format Version 12.00
# Visual Studio Version 16
VisualStudioVersion = 16.0.30711.63
MinimumVisualStudioVersion = 10.0.40219.1
Project("{FAE04EC0-301F-11D3-BF4B-00C04F79EFBC}") = "SudokuSolver", "SudokuSolver.csproj", "{B3455CF7-1865-46E0-B550-1E64CC7A3075}"
EndProject
Global
	GlobalSection(SolutionConfigurationPlatforms) = preSolution
		Debug|Any CPU = Debug|Any CPU
		Release|Any CPU = Release|Any CPU
	EndGlobalSection
	GlobalSection(ProjectConfigurationPlatforms) = postSolution
		{B3455CF7-1865-46E0-B550-1E64CC7A3075}.Debug|Any CPU.ActiveCfg = Debug|Any CPU
		{B3455CF7-1865-46E0-B550-1E64CC7A3075}.Debug|Any CPU.Build.0 = Debug|Any CPU
		{B3455CF7-1865-46E0-B550-1E64CC7A3075}.Release|Any CPU.ActiveCfg = Release|Any CPU
		{B3455CF7-1865-46E0-B550-1E64CC7A3075}.Release|Any CPU.Build.0 = Release|Any CPU
	EndGlobalSection
	GlobalSection(SolutionProperties) = preSolution
		HideSolutionNode = FALSE
	EndGlobalSection
	GlobalSection(ExtensibilityGlobals) = postSolution
		SolutionGuid = {AB404E50-2E31-42E4-9980-681F573EBBC5}
	EndGlobalSection
EndGlobal
